
Microsoft Visual Studio Solution File, Format Version 12.00
# Visual Studio Version 16
VisualStudioVersion = 16.0.30523.141
MinimumVisualStudioVersion = 10.0.40219.1
Project("{2150E333-8FDC-42A3-9474-1A3956D46DE8}") = "General", "General", "{3F0C12DD-A967-4D73-A2B6-E63501934B3C}"
EndProject
Project("{2150E333-8FDC-42A3-9474-1A3956D46DE8}") = "Tests", "Tests", "{F8D61B49-3EC0-4F97-8583-F51C92C7AF74}"
EndProject
Project("{9A19103F-16F7-4668-BE54-9A1E7A4F7556}") = "WarhammerCore.Abstract", "WarhammerCore.Abstract\WarhammerCore.Abstract.csproj", "{1F48F703-4061-489F-B028-7D4153EBECF3}"
EndProject
Project("{9A19103F-16F7-4668-BE54-9A1E7A4F7556}") = "WarhammerCore.Business", "WarhammerCore.Business\WarhammerCore.Business.csproj", "{E788F2CE-CC5B-4EC9-B2C6-4E582F5EFC58}"
EndProject
Project("{9A19103F-16F7-4668-BE54-9A1E7A4F7556}") = "WarhammerCore.Data", "WarhammerCore.Data\WarhammerCore.Data.csproj", "{4C06860F-EAAB-472C-BA16-2C10A78F2C94}"
EndProject
Project("{9A19103F-16F7-4668-BE54-9A1E7A4F7556}") = "WarhammerCore.WebApi", "WarhammerCore.WebApi\WarhammerCore.WebApi.csproj", "{BF8B9D40-9886-4B61-9911-60C27EB96841}"
EndProject
Project("{E53339B2-1760-4266-BCC7-CA923CBCF16C}") = "docker-compose", "docker-compose.dcproj", "{74456B35-21F8-4DA3-81CA-3120699210E0}"
EndProject
Project("{FAE04EC0-301F-11D3-BF4B-00C04F79EFBC}") = "WarhammerCore.Tests.Unit", "..\WarhammerCore.Tests.Unit\WarhammerCore.Tests.Unit.csproj", "{16BD532B-C1D3-4D6B-B13B-46FDB77FD8E0}"
EndProject
Global
	GlobalSection(SolutionConfigurationPlatforms) = preSolution
		Debug|Any CPU = Debug|Any CPU
		Release|Any CPU = Release|Any CPU
	EndGlobalSection
	GlobalSection(ProjectConfigurationPlatforms) = postSolution
		{1F48F703-4061-489F-B028-7D4153EBECF3}.Debug|Any CPU.ActiveCfg = Debug|Any CPU
		{1F48F703-4061-489F-B028-7D4153EBECF3}.Debug|Any CPU.Build.0 = Debug|Any CPU
		{1F48F703-4061-489F-B028-7D4153EBECF3}.Release|Any CPU.ActiveCfg = Release|Any CPU
		{1F48F703-4061-489F-B028-7D4153EBECF3}.Release|Any CPU.Build.0 = Release|Any CPU
		{E788F2CE-CC5B-4EC9-B2C6-4E582F5EFC58}.Debug|Any CPU.ActiveCfg = Debug|Any CPU
		{E788F2CE-CC5B-4EC9-B2C6-4E582F5EFC58}.Debug|Any CPU.Build.0 = Debug|Any CPU
		{E788F2CE-CC5B-4EC9-B2C6-4E582F5EFC58}.Release|Any CPU.ActiveCfg = Release|Any CPU
		{E788F2CE-CC5B-4EC9-B2C6-4E582F5EFC58}.Release|Any CPU.Build.0 = Release|Any CPU
		{4C06860F-EAAB-472C-BA16-2C10A78F2C94}.Debug|Any CPU.ActiveCfg = Debug|Any CPU
		{4C06860F-EAAB-472C-BA16-2C10A78F2C94}.Debug|Any CPU.Build.0 = Debug|Any CPU
		{4C06860F-EAAB-472C-BA16-2C10A78F2C94}.Release|Any CPU.ActiveCfg = Release|Any CPU
		{4C06860F-EAAB-472C-BA16-2C10A78F2C94}.Release|Any CPU.Build.0 = Release|Any CPU
		{BF8B9D40-9886-4B61-9911-60C27EB96841}.Debug|Any CPU.ActiveCfg = Debug|Any CPU
		{BF8B9D40-9886-4B61-9911-60C27EB96841}.Debug|Any CPU.Build.0 = Debug|Any CPU
		{BF8B9D40-9886-4B61-9911-60C27EB96841}.Release|Any CPU.ActiveCfg = Release|Any CPU
		{BF8B9D40-9886-4B61-9911-60C27EB96841}.Release|Any CPU.Build.0 = Release|Any CPU
		{74456B35-21F8-4DA3-81CA-3120699210E0}.Debug|Any CPU.ActiveCfg = Debug|Any CPU
		{74456B35-21F8-4DA3-81CA-3120699210E0}.Debug|Any CPU.Build.0 = Debug|Any CPU
		{74456B35-21F8-4DA3-81CA-3120699210E0}.Release|Any CPU.ActiveCfg = Release|Any CPU
		{74456B35-21F8-4DA3-81CA-3120699210E0}.Release|Any CPU.Build.0 = Release|Any CPU
		{16BD532B-C1D3-4D6B-B13B-46FDB77FD8E0}.Debug|Any CPU.ActiveCfg = Debug|Any CPU
		{16BD532B-C1D3-4D6B-B13B-46FDB77FD8E0}.Debug|Any CPU.Build.0 = Debug|Any CPU
		{16BD532B-C1D3-4D6B-B13B-46FDB77FD8E0}.Release|Any CPU.ActiveCfg = Release|Any CPU
		{16BD532B-C1D3-4D6B-B13B-46FDB77FD8E0}.Release|Any CPU.Build.0 = Release|Any CPU
	EndGlobalSection
	GlobalSection(SolutionProperties) = preSolution
		HideSolutionNode = FALSE
	EndGlobalSection
	GlobalSection(NestedProjects) = preSolution
		{1F48F703-4061-489F-B028-7D4153EBECF3} = {3F0C12DD-A967-4D73-A2B6-E63501934B3C}
		{E788F2CE-CC5B-4EC9-B2C6-4E582F5EFC58} = {3F0C12DD-A967-4D73-A2B6-E63501934B3C}
		{4C06860F-EAAB-472C-BA16-2C10A78F2C94} = {3F0C12DD-A967-4D73-A2B6-E63501934B3C}
		{16BD532B-C1D3-4D6B-B13B-46FDB77FD8E0} = {F8D61B49-3EC0-4F97-8583-F51C92C7AF74}
	EndGlobalSection
	GlobalSection(ExtensibilityGlobals) = postSolution
		SolutionGuid = {57BBA902-DEF5-4925-A3D7-F088653E914D}
	EndGlobalSection
EndGlobal
